
Microsoft Visual Studio Solution File, Format Version 12.00
# Visual Studio Version 16
VisualStudioVersion = 16.0.31105.61
MinimumVisualStudioVersion = 10.0.40219.1
Project("{FAE04EC0-301F-11D3-BF4B-00C04F79EFBC}") = "StudentsWebApi1", "StudentsWebApi1\StudentsWebApi1.csproj", "{8F630B29-D998-4C16-95C9-8A146EFF8A9A}"
EndProject
Global
	GlobalSection(SolutionConfigurationPlatforms) = preSolution
		Debug|Any CPU = Debug|Any CPU
		Release|Any CPU = Release|Any CPU
	EndGlobalSection
	GlobalSection(ProjectConfigurationPlatforms) = postSolution
		{8F630B29-D998-4C16-95C9-8A146EFF8A9A}.Debug|Any CPU.ActiveCfg = Debug|Any CPU
		{8F630B29-D998-4C16-95C9-8A146EFF8A9A}.Debug|Any CPU.Build.0 = Debug|Any CPU
		{8F630B29-D998-4C16-95C9-8A146EFF8A9A}.Release|Any CPU.ActiveCfg = Release|Any CPU
		{8F630B29-D998-4C16-95C9-8A146EFF8A9A}.Release|Any CPU.Build.0 = Release|Any CPU
	EndGlobalSection
	GlobalSection(SolutionProperties) = preSolution
		HideSolutionNode = FALSE
	EndGlobalSection
	GlobalSection(ExtensibilityGlobals) = postSolution
		SolutionGuid = {8F16D71A-249E-4A1F-9989-3E2DEBADC13A}
	EndGlobalSection
EndGlobal
